
Microsoft Visual Studio Solution File, Format Version 12.00
# Visual Studio Version 17
VisualStudioVersion = 17.9.34622.214
MinimumVisualStudioVersion = 10.0.40219.1
Project("{9A19103F-16F7-4668-BE54-9A1E7A4F7556}") = "Entities", "Entities\Entities.csproj", "{C81AD78E-04B7-4B97-8FB3-0D9B999335C2}"
EndProject
Project("{FAE04EC0-301F-11D3-BF4B-00C04F79EFBC}") = "Repository", "Repository\Repository.csproj", "{00F2ACA4-CA66-4F7A-9543-7C59E8F49DDF}"
EndProject
Project("{FAE04EC0-301F-11D3-BF4B-00C04F79EFBC}") = "Services", "Services\Services.csproj", "{DCA5BCC6-0120-4722-BABE-C017FF59BF05}"
EndProject
Project("{FAE04EC0-301F-11D3-BF4B-00C04F79EFBC}") = "WebApp", "WebApp\WebApp.csproj", "{7EDDF04E-EB62-4B21-A32A-8BAA813CE85A}"
EndProject
Global
	GlobalSection(SolutionConfigurationPlatforms) = preSolution
		Debug|Any CPU = Debug|Any CPU
		Release|Any CPU = Release|Any CPU
	EndGlobalSection
	GlobalSection(ProjectConfigurationPlatforms) = postSolution
		{C81AD78E-04B7-4B97-8FB3-0D9B999335C2}.Debug|Any CPU.ActiveCfg = Debug|Any CPU
		{C81AD78E-04B7-4B97-8FB3-0D9B999335C2}.Debug|Any CPU.Build.0 = Debug|Any CPU
		{C81AD78E-04B7-4B97-8FB3-0D9B999335C2}.Release|Any CPU.ActiveCfg = Release|Any CPU
		{C81AD78E-04B7-4B97-8FB3-0D9B999335C2}.Release|Any CPU.Build.0 = Release|Any CPU
		{00F2ACA4-CA66-4F7A-9543-7C59E8F49DDF}.Debug|Any CPU.ActiveCfg = Debug|Any CPU
		{00F2ACA4-CA66-4F7A-9543-7C59E8F49DDF}.Debug|Any CPU.Build.0 = Debug|Any CPU
		{00F2ACA4-CA66-4F7A-9543-7C59E8F49DDF}.Release|Any CPU.ActiveCfg = Release|Any CPU
		{00F2ACA4-CA66-4F7A-9543-7C59E8F49DDF}.Release|Any CPU.Build.0 = Release|Any CPU
		{DCA5BCC6-0120-4722-BABE-C017FF59BF05}.Debug|Any CPU.ActiveCfg = Debug|Any CPU
		{DCA5BCC6-0120-4722-BABE-C017FF59BF05}.Debug|Any CPU.Build.0 = Debug|Any CPU
		{DCA5BCC6-0120-4722-BABE-C017FF59BF05}.Release|Any CPU.ActiveCfg = Release|Any CPU
		{DCA5BCC6-0120-4722-BABE-C017FF59BF05}.Release|Any CPU.Build.0 = Release|Any CPU
		{7EDDF04E-EB62-4B21-A32A-8BAA813CE85A}.Debug|Any CPU.ActiveCfg = Debug|Any CPU
		{7EDDF04E-EB62-4B21-A32A-8BAA813CE85A}.Debug|Any CPU.Build.0 = Debug|Any CPU
		{7EDDF04E-EB62-4B21-A32A-8BAA813CE85A}.Release|Any CPU.ActiveCfg = Release|Any CPU
		{7EDDF04E-EB62-4B21-A32A-8BAA813CE85A}.Release|Any CPU.Build.0 = Release|Any CPU
	EndGlobalSection
	GlobalSection(SolutionProperties) = preSolution
		HideSolutionNode = FALSE
	EndGlobalSection
	GlobalSection(ExtensibilityGlobals) = postSolution
		SolutionGuid = {BCD64AA2-4BA2-46D4-B2F3-084FA5826587}
	EndGlobalSection
EndGlobal
